// !$*UTF8*$!
{
	archiveVersion = 1;
	classes = {
	};
	objectVersion = 77;
	objects = {

/* Begin PBXBuildFile section */
		5C284DA52EB0086F0011633E /* ActivityManager.swift in Sources */ = {isa = PBXBuildFile; fileRef = 5C284DA42EB0086F0011633E /* ActivityManager.swift */; };
		5C284DA72EB009010011633E /* FirstPage.swift in Sources */ = {isa = PBXBuildFile; fileRef = 5C284DA62EB009010011633E /* FirstPage.swift */; };
		5C284DA92EB009110011633E /* SecondPage.swift in Sources */ = {isa = PBXBuildFile; fileRef = 5C284DA82EB009110011633E /* SecondPage.swift */; };
		5C284DAB2EB009220011633E /* LearningGoal.swift in Sources */ = {isa = PBXBuildFile; fileRef = 5C284DAA2EB009220011633E /* LearningGoal.swift */; };
		5C284DAD2EB009330011633E /* AllActivity.swift in Sources */ = {isa = PBXBuildFile; fileRef = 5C284DAC2EB009330011633E /* AllActivity.swift */; };
		5C284DAF2EB00A130011633E /* ActivityViewModel.swift in Sources */ = {isa = PBXBuildFile; fileRef = 5C284DAE2EB00A130011633E /* ActivityViewModel.swift */; };
		5C284DB22EB00A8D0011633E /* Colors.swift in Sources */ = {isa = PBXBuildFile; fileRef = 5C284DB12EB00A8D0011633E /* Colors.swift */; };
		5C284DB92EB012180011633E /* DateButton.swift in Sources */ = {isa = PBXBuildFile; fileRef = 5C284DB82EB012180011633E /* DateButton.swift */; };
		5C284DBB2EB0129F0011633E /* WeekCalendarView.swift in Sources */ = {isa = PBXBuildFile; fileRef = 5C284DBA2EB0129F0011633E /* WeekCalendarView.swift */; };
		5C284DBD2EB0133A0011633E /* SummaryCard.swift in Sources */ = {isa = PBXBuildFile; fileRef = 5C284DBC2EB0133A0011633E /* SummaryCard.swift */; };
		5C284DBF2EB013FD0011633E /* MainActionButton.swift in Sources */ = {isa = PBXBuildFile; fileRef = 5C284DBE2EB013FD0011633E /* MainActionButton.swift */; };
		5C284DC12EB0143F0011633E /* SecondaryActionButtonView.swift in Sources */ = {isa = PBXBuildFile; fileRef = 5C284DC02EB0143F0011633E /* SecondaryActionButtonView.swift */; };
/* End PBXBuildFile section */

/* Begin PBXFileReference section */
		5C284D922EB003310011633E /* LearningApp_MVVM.app */ = {isa = PBXFileReference; explicitFileType = wrapper.application; includeInIndex = 0; path = LearningApp_MVVM.app; sourceTree = BUILT_PRODUCTS_DIR; };
		5C284DA42EB0086F0011633E /* ActivityManager.swift */ = {isa = PBXFileReference; lastKnownFileType = sourcecode.swift; path = ActivityManager.swift; sourceTree = "<group>"; };
		5C284DA62EB009010011633E /* FirstPage.swift */ = {isa = PBXFileReference; lastKnownFileType = sourcecode.swift; path = FirstPage.swift; sourceTree = "<group>"; };
		5C284DA82EB009110011633E /* SecondPage.swift */ = {isa = PBXFileReference; lastKnownFileType = sourcecode.swift; path = SecondPage.swift; sourceTree = "<group>"; };
		5C284DAA2EB009220011633E /* LearningGoal.swift */ = {isa = PBXFileReference; lastKnownFileType = sourcecode.swift; path = LearningGoal.swift; sourceTree = "<group>"; };
		5C284DAC2EB009330011633E /* AllActivity.swift */ = {isa = PBXFileReference; lastKnownFileType = sourcecode.swift; path = AllActivity.swift; sourceTree = "<group>"; };
		5C284DAE2EB00A130011633E /* ActivityViewModel.swift */ = {isa = PBXFileReference; lastKnownFileType = sourcecode.swift; path = ActivityViewModel.swift; sourceTree = "<group>"; };
		5C284DB12EB00A8D0011633E /* Colors.swift */ = {isa = PBXFileReference; lastKnownFileType = sourcecode.swift; path = Colors.swift; sourceTree = "<group>"; };
		5C284DB82EB012180011633E /* DateButton.swift */ = {isa = PBXFileReference; lastKnownFileType = sourcecode.swift; path = DateButton.swift; sourceTree = "<group>"; };
		5C284DBA2EB0129F0011633E /* WeekCalendarView.swift */ = {isa = PBXFileReference; lastKnownFileType = sourcecode.swift; path = WeekCalendarView.swift; sourceTree = "<group>"; };
		5C284DBC2EB0133A0011633E /* SummaryCard.swift */ = {isa = PBXFileReference; lastKnownFileType = sourcecode.swift; path = SummaryCard.swift; sourceTree = "<group>"; };
		5C284DBE2EB013FD0011633E /* MainActionButton.swift */ = {isa = PBXFileReference; lastKnownFileType = sourcecode.swift; path = MainActionButton.swift; sourceTree = "<group>"; };
		5C284DC02EB0143F0011633E /* SecondaryActionButtonView.swift */ = {isa = PBXFileReference; lastKnownFileType = sourcecode.swift; path = SecondaryActionButtonView.swift; sourceTree = "<group>"; };
/* End PBXFileReference section */

/* Begin PBXFileSystemSynchronizedRootGroup section */
		5C284D942EB003310011633E /* LearningApp_MVVM */ = {
			isa = PBXFileSystemSynchronizedRootGroup;
			path = LearningApp_MVVM;
			sourceTree = "<group>";
		};
/* End PBXFileSystemSynchronizedRootGroup section */

/* Begin PBXFrameworksBuildPhase section */
		5C284D8F2EB003310011633E /* Frameworks */ = {
			isa = PBXFrameworksBuildPhase;
			buildActionMask = 2147483647;
			files = (
			);
			runOnlyForDeploymentPostprocessing = 0;
		};
/* End PBXFrameworksBuildPhase section */

/* Begin PBXGroup section */
		5C284D892EB003310011633E = {
			isa = PBXGroup;
			children = (
				5C284DB02EB00A1F0011633E /* Resources */,
				5C284DA22EB0041A0011633E /* Views */,
				5C284DA12EB0040E0011633E /* ViewModels */,
				5C284DA02EB003F10011633E /* Models */,
				5C284D942EB003310011633E /* LearningApp_MVVM */,
				5C284D932EB003310011633E /* Products */,
			);
			sourceTree = "<group>";
		};
		5C284D932EB003310011633E /* Products */ = {
			isa = PBXGroup;
			children = (
				5C284D922EB003310011633E /* LearningApp_MVVM.app */,
			);
			name = Products;
			sourceTree = "<group>";
		};
		5C284DA02EB003F10011633E /* Models */ = {
			isa = PBXGroup;
			children = (
				5C284DA42EB0086F0011633E /* ActivityManager.swift */,
			);
			path = Models;
			sourceTree = "<group>";
		};
		5C284DA12EB0040E0011633E /* ViewModels */ = {
			isa = PBXGroup;
			children = (
				5C284DAE2EB00A130011633E /* ActivityViewModel.swift */,
			);
			path = ViewModels;
			sourceTree = "<group>";
		};
		5C284DA22EB0041A0011633E /* Views */ = {
			isa = PBXGroup;
			children = (
				5C284DA62EB009010011633E /* FirstPage.swift */,
				5C284DA82EB009110011633E /* SecondPage.swift */,
				5C284DAA2EB009220011633E /* LearningGoal.swift */,
				5C284DAC2EB009330011633E /* AllActivity.swift */,
				5C284DB52EB0117E0011633E /* SubViews */,
			);
			path = Views;
			sourceTree = "<group>";
		};
		5C284DB02EB00A1F0011633E /* Resources */ = {
			isa = PBXGroup;
			children = (
				5C284DB12EB00A8D0011633E /* Colors.swift */,
			);
			path = Resources;
			sourceTree = "<group>";
		};
		5C284DB52EB0117E0011633E /* SubViews */ = {
			isa = PBXGroup;
			children = (
				5C284DB82EB012180011633E /* DateButton.swift */,
				5C284DBA2EB0129F0011633E /* WeekCalendarView.swift */,
				5C284DBC2EB0133A0011633E /* SummaryCard.swift */,
				5C284DBE2EB013FD0011633E /* MainActionButton.swift */,
				5C284DC02EB0143F0011633E /* SecondaryActionButtonView.swift */,
			);
			path = SubViews;
			sourceTree = "<group>";
		};
/* End PBXGroup section */

/* Begin PBXNativeTarget section */
		5C284D912EB003310011633E /* LearningApp_MVVM */ = {
			isa = PBXNativeTarget;
			buildConfigurationList = 5C284D9D2EB003330011633E /* Build configuration list for PBXNativeTarget "LearningApp_MVVM" */;
			buildPhases = (
				5C284D8E2EB003310011633E /* Sources */,
				5C284D8F2EB003310011633E /* Frameworks */,
				5C284D902EB003310011633E /* Resources */,
			);
			buildRules = (
			);
			dependencies = (
			);
			fileSystemSynchronizedGroups = (
				5C284D942EB003310011633E /* LearningApp_MVVM */,
			);
			name = LearningApp_MVVM;
			packageProductDependencies = (
			);
			productName = LearningApp_MVVM;
			productReference = 5C284D922EB003310011633E /* LearningApp_MVVM.app */;
			productType = "com.apple.product-type.application";
		};
/* End PBXNativeTarget section */

/* Begin PBXProject section */
		5C284D8A2EB003310011633E /* Project object */ = {
			isa = PBXProject;
			attributes = {
				BuildIndependentTargetsInParallel = 1;
				LastSwiftUpdateCheck = 2600;
				LastUpgradeCheck = 2600;
				TargetAttributes = {
					5C284D912EB003310011633E = {
						CreatedOnToolsVersion = 26.0.1;
					};
				};
			};
			buildConfigurationList = 5C284D8D2EB003310011633E /* Build configuration list for PBXProject "LearningApp_MVVM" */;
			developmentRegion = en;
			hasScannedForEncodings = 0;
			knownRegions = (
				en,
				Base,
			);
			mainGroup = 5C284D892EB003310011633E;
			minimizedProjectReferenceProxies = 1;
			preferredProjectObjectVersion = 77;
			productRefGroup = 5C284D932EB003310011633E /* Products */;
			projectDirPath = "";
			projectRoot = "";
			targets = (
				5C284D912EB003310011633E /* LearningApp_MVVM */,
			);
		};
/* End PBXProject section */

/* Begin PBXResourcesBuildPhase section */
		5C284D902EB003310011633E /* Resources */ = {
			isa = PBXResourcesBuildPhase;
			buildActionMask = 2147483647;
			files = (
			);
			runOnlyForDeploymentPostprocessing = 0;
		};
/* End PBXResourcesBuildPhase section */

/* Begin PBXSourcesBuildPhase section */
		5C284D8E2EB003310011633E /* Sources */ = {
			isa = PBXSourcesBuildPhase;
			buildActionMask = 2147483647;
			files = (
				5C284DBD2EB0133A0011633E /* SummaryCard.swift in Sources */,
				5C284DAB2EB009220011633E /* LearningGoal.swift in Sources */,
				5C284DB22EB00A8D0011633E /* Colors.swift in Sources */,
				5C284DC12EB0143F0011633E /* SecondaryActionButtonView.swift in Sources */,
				5C284DA92EB009110011633E /* SecondPage.swift in Sources */,
				5C284DAF2EB00A130011633E /* ActivityViewModel.swift in Sources */,
				5C284DAD2EB009330011633E /* AllActivity.swift in Sources */,
				5C284DBB2EB0129F0011633E /* WeekCalendarView.swift in Sources */,
				5C284DBF2EB013FD0011633E /* MainActionButton.swift in Sources */,
				5C284DA52EB0086F0011633E /* ActivityManager.swift in Sources */,
				5C284DA72EB009010011633E /* FirstPage.swift in Sources */,
				5C284DB92EB012180011633E /* DateButton.swift in Sources */,
			);
			runOnlyForDeploymentPostprocessing = 0;
		};
/* End PBXSourcesBuildPhase section */

/* Begin XCBuildConfiguration section */
		5C284D9B2EB003330011633E /* Debug */ = {
			isa = XCBuildConfiguration;
			buildSettings = {
				ALWAYS_SEARCH_USER_PATHS = NO;
				ASSETCATALOG_COMPILER_GENERATE_SWIFT_ASSET_SYMBOL_EXTENSIONS = YES;
				CLANG_ANALYZER_NONNULL = YES;
				CLANG_ANALYZER_NUMBER_OBJECT_CONVERSION = YES_AGGRESSIVE;
				CLANG_CXX_LANGUAGE_STANDARD = "gnu++20";
				CLANG_ENABLE_MODULES = YES;
				CLANG_ENABLE_OBJC_ARC = YES;
				CLANG_ENABLE_OBJC_WEAK = YES;
				CLANG_WARN_BLOCK_CAPTURE_AUTORELEASING = YES;
				CLANG_WARN_BOOL_CONVERSION = YES;
				CLANG_WARN_COMMA = YES;
				CLANG_WARN_CONSTANT_CONVERSION = YES;
				CLANG_WARN_DEPRECATED_OBJC_IMPLEMENTATIONS = YES;
				CLANG_WARN_DIRECT_OBJC_ISA_USAGE = YES_ERROR;
				CLANG_WARN_DOCUMENTATION_COMMENTS = YES;
				CLANG_WARN_EMPTY_BODY = YES;
				CLANG_WARN_ENUM_CONVERSION = YES;
				CLANG_WARN_INFINITE_RECURSION = YES;
				CLANG_WARN_INT_CONVERSION = YES;
				CLANG_WARN_NON_LITERAL_NULL_CONVERSION = YES;
				CLANG_WARN_OBJC_IMPLICIT_RETAIN_SELF = YES;
				CLANG_WARN_OBJC_LITERAL_CONVERSION = YES;
				CLANG_WARN_OBJC_ROOT_CLASS = YES_ERROR;
				CLANG_WARN_QUOTED_INCLUDE_IN_FRAMEWORK_HEADER = YES;
				CLANG_WARN_RANGE_LOOP_ANALYSIS = YES;
				CLANG_WARN_STRICT_PROTOTYPES = YES;
				CLANG_WARN_SUSPICIOUS_MOVE = YES;
				CLANG_WARN_UNGUARDED_AVAILABILITY = YES_AGGRESSIVE;
				CLANG_WARN_UNREACHABLE_CODE = YES;
				CLANG_WARN__DUPLICATE_METHOD_MATCH = YES;
				COPY_PHASE_STRIP = NO;
				DEBUG_INFORMATION_FORMAT = dwarf;
				ENABLE_STRICT_OBJC_MSGSEND = YES;
				ENABLE_TESTABILITY = YES;
				ENABLE_USER_SCRIPT_SANDBOXING = YES;
				GCC_C_LANGUAGE_STANDARD = gnu17;
				GCC_DYNAMIC_NO_PIC = NO;
				GCC_NO_COMMON_BLOCKS = YES;
				GCC_OPTIMIZATION_LEVEL = 0;
				GCC_PREPROCESSOR_DEFINITIONS = (
					"DEBUG=1",
					"$(inherited)",
				);
				GCC_WARN_64_TO_32_BIT_CONVERSION = YES;
				GCC_WARN_ABOUT_RETURN_TYPE = YES_ERROR;
				GCC_WARN_UNDECLARED_SELECTOR = YES;
				GCC_WARN_UNINITIALIZED_AUTOS = YES_AGGRESSIVE;
				GCC_WARN_UNUSED_FUNCTION = YES;
				GCC_WARN_UNUSED_VARIABLE = YES;
				IPHONEOS_DEPLOYMENT_TARGET = 26.0;
				LOCALIZATION_PREFERS_STRING_CATALOGS = YES;
				MTL_ENABLE_DEBUG_INFO = INCLUDE_SOURCE;
				MTL_FAST_MATH = YES;
				ONLY_ACTIVE_ARCH = YES;
				SDKROOT = iphoneos;
				SWIFT_ACTIVE_COMPILATION_CONDITIONS = "DEBUG $(inherited)";
				SWIFT_OPTIMIZATION_LEVEL = "-Onone";
			};
			name = Debug;
		};
		5C284D9C2EB003330011633E /* Release */ = {
			isa = XCBuildConfiguration;
			buildSettings = {
				ALWAYS_SEARCH_USER_PATHS = NO;
				ASSETCATALOG_COMPILER_GENERATE_SWIFT_ASSET_SYMBOL_EXTENSIONS = YES;
				CLANG_ANALYZER_NONNULL = YES;
				CLANG_ANALYZER_NUMBER_OBJECT_CONVERSION = YES_AGGRESSIVE;
				CLANG_CXX_LANGUAGE_STANDARD = "gnu++20";
				CLANG_ENABLE_MODULES = YES;
				CLANG_ENABLE_OBJC_ARC = YES;
				CLANG_ENABLE_OBJC_WEAK = YES;
				CLANG_WARN_BLOCK_CAPTURE_AUTORELEASING = YES;
				CLANG_WARN_BOOL_CONVERSION = YES;
				CLANG_WARN_COMMA = YES;
				CLANG_WARN_CONSTANT_CONVERSION = YES;
				CLANG_WARN_DEPRECATED_OBJC_IMPLEMENTATIONS = YES;
				CLANG_WARN_DIRECT_OBJC_ISA_USAGE = YES_ERROR;
				CLANG_WARN_DOCUMENTATION_COMMENTS = YES;
				CLANG_WARN_EMPTY_BODY = YES;
				CLANG_WARN_ENUM_CONVERSION = YES;
				CLANG_WARN_INFINITE_RECURSION = YES;
				CLANG_WARN_INT_CONVERSION = YES;
				CLANG_WARN_NON_LITERAL_NULL_CONVERSION = YES;
				CLANG_WARN_OBJC_IMPLICIT_RETAIN_SELF = YES;
				CLANG_WARN_OBJC_LITERAL_CONVERSION = YES;
				CLANG_WARN_OBJC_ROOT_CLASS = YES_ERROR;
				CLANG_WARN_QUOTED_INCLUDE_IN_FRAMEWORK_HEADER = YES;
				CLANG_WARN_RANGE_LOOP_ANALYSIS = YES;
				CLANG_WARN_STRICT_PROTOTYPES = YES;
				CLANG_WARN_SUSPICIOUS_MOVE = YES;
				CLANG_WARN_UNGUARDED_AVAILABILITY = YES_AGGRESSIVE;
				CLANG_WARN_UNREACHABLE_CODE = YES;
				CLANG_WARN__DUPLICATE_METHOD_MATCH = YES;
				COPY_PHASE_STRIP = NO;
				DEBUG_INFORMATION_FORMAT = "dwarf-with-dsym";
				ENABLE_NS_ASSERTIONS = NO;
				ENABLE_STRICT_OBJC_MSGSEND = YES;
				ENABLE_USER_SCRIPT_SANDBOXING = YES;
				GCC_C_LANGUAGE_STANDARD = gnu17;
				GCC_NO_COMMON_BLOCKS = YES;
				GCC_WARN_64_TO_32_BIT_CONVERSION = YES;
				GCC_WARN_ABOUT_RETURN_TYPE = YES_ERROR;
				GCC_WARN_UNDECLARED_SELECTOR = YES;
				GCC_WARN_UNINITIALIZED_AUTOS = YES_AGGRESSIVE;
				GCC_WARN_UNUSED_FUNCTION = YES;
				GCC_WARN_UNUSED_VARIABLE = YES;
				IPHONEOS_DEPLOYMENT_TARGET = 26.0;
				LOCALIZATION_PREFERS_STRING_CATALOGS = YES;
				MTL_ENABLE_DEBUG_INFO = NO;
				MTL_FAST_MATH = YES;
				SDKROOT = iphoneos;
				SWIFT_COMPILATION_MODE = wholemodule;
				VALIDATE_PRODUCT = YES;
			};
			name = Release;
		};
		5C284D9E2EB003330011633E /* Debug */ = {
			isa = XCBuildConfiguration;
			buildSettings = {
				ASSETCATALOG_COMPILER_APPICON_NAME = AppIcon;
				ASSETCATALOG_COMPILER_GLOBAL_ACCENT_COLOR_NAME = AccentColor;
				CODE_SIGN_STYLE = Automatic;
				CURRENT_PROJECT_VERSION = 1;
				DEVELOPMENT_TEAM = 84L8W67T2J;
				ENABLE_PREVIEWS = YES;
				GENERATE_INFOPLIST_FILE = YES;
				INFOPLIST_KEY_CFBundleDisplayName = "My Learning";
				INFOPLIST_KEY_UIApplicationSceneManifest_Generation = YES;
				INFOPLIST_KEY_UIApplicationSupportsIndirectInputEvents = YES;
				INFOPLIST_KEY_UILaunchScreen_Generation = YES;
				INFOPLIST_KEY_UISupportedInterfaceOrientations_iPad = "UIInterfaceOrientationPortrait UIInterfaceOrientationPortraitUpsideDown UIInterfaceOrientationLandscapeLeft UIInterfaceOrientationLandscapeRight";
				INFOPLIST_KEY_UISupportedInterfaceOrientations_iPhone = "UIInterfaceOrientationPortrait UIInterfaceOrientationLandscapeLeft UIInterfaceOrientationLandscapeRight";
				LD_RUNPATH_SEARCH_PATHS = (
					"$(inherited)",
					"@executable_path/Frameworks",
				);
				MARKETING_VERSION = 1.0;
				PRODUCT_BUNDLE_IDENTIFIER = "TWQ.LearningApp-MVVM";
				PRODUCT_NAME = "$(TARGET_NAME)";
				STRING_CATALOG_GENERATE_SYMBOLS = YES;
				SWIFT_APPROACHABLE_CONCURRENCY = YES;
				SWIFT_DEFAULT_ACTOR_ISOLATION = MainActor;
				SWIFT_EMIT_LOC_STRINGS = YES;
				SWIFT_UPCOMING_FEATURE_MEMBER_IMPORT_VISIBILITY = YES;
				SWIFT_VERSION = 5.0;
				TARGETED_DEVICE_FAMILY = "1,2";
			};
			name = Debug;
		};
		5C284D9F2EB003330011633E /* Release */ = {
			isa = XCBuildConfiguration;
			buildSettings = {
				ASSETCATALOG_COMPILER_APPICON_NAME = AppIcon;
				ASSETCATALOG_COMPILER_GLOBAL_ACCENT_COLOR_NAME = AccentColor;
				CODE_SIGN_STYLE = Automatic;
				CURRENT_PROJECT_VERSION = 1;
				DEVELOPMENT_TEAM = 84L8W67T2J;
				ENABLE_PREVIEWS = YES;
				GENERATE_INFOPLIST_FILE = YES;
				INFOPLIST_KEY_CFBundleDisplayName = "My Learning";
				INFOPLIST_KEY_UIApplicationSceneManifest_Generation = YES;
				INFOPLIST_KEY_UIApplicationSupportsIndirectInputEvents = YES;
				INFOPLIST_KEY_UILaunchScreen_Generation = YES;
				INFOPLIST_KEY_UISupportedInterfaceOrientations_iPad = "UIInterfaceOrientationPortrait UIInterfaceOrientationPortraitUpsideDown UIInterfaceOrientationLandscapeLeft UIInterfaceOrientationLandscapeRight";
				INFOPLIST_KEY_UISupportedInterfaceOrientations_iPhone = "UIInterfaceOrientationPortrait UIInterfaceOrientationLandscapeLeft UIInterfaceOrientationLandscapeRight";
				LD_RUNPATH_SEARCH_PATHS = (
					"$(inherited)",
					"@executable_path/Frameworks",
				);
				MARKETING_VERSION = 1.0;
				PRODUCT_BUNDLE_IDENTIFIER = "TWQ.LearningApp-MVVM";
				PRODUCT_NAME = "$(TARGET_NAME)";
				STRING_CATALOG_GENERATE_SYMBOLS = YES;
				SWIFT_APPROACHABLE_CONCURRENCY = YES;
				SWIFT_DEFAULT_ACTOR_ISOLATION = MainActor;
				SWIFT_EMIT_LOC_STRINGS = YES;
				SWIFT_UPCOMING_FEATURE_MEMBER_IMPORT_VISIBILITY = YES;
				SWIFT_VERSION = 5.0;
				TARGETED_DEVICE_FAMILY = "1,2";
			};
			name = Release;
		};
/* End XCBuildConfiguration section */

/* Begin XCConfigurationList section */
		5C284D8D2EB003310011633E /* Build configuration list for PBXProject "LearningApp_MVVM" */ = {
			isa = XCConfigurationList;
			buildConfigurations = (
				5C284D9B2EB003330011633E /* Debug */,
				5C284D9C2EB003330011633E /* Release */,
			);
			defaultConfigurationIsVisible = 0;
			defaultConfigurationName = Release;
		};
		5C284D9D2EB003330011633E /* Build configuration list for PBXNativeTarget "LearningApp_MVVM" */ = {
			isa = XCConfigurationList;
			buildConfigurations = (
				5C284D9E2EB003330011633E /* Debug */,
				5C284D9F2EB003330011633E /* Release */,
			);
			defaultConfigurationIsVisible = 0;
			defaultConfigurationName = Release;
		};
/* End XCConfigurationList section */
	};
	rootObject = 5C284D8A2EB003310011633E /* Project object */;
}
